
Microsoft Visual Studio Solution File, Format Version 12.00
# Visual Studio Version 17
VisualStudioVersion = 17.9.34616.47
MinimumVisualStudioVersion = 10.0.40219.1
Project("{FAE04EC0-301F-11D3-BF4B-00C04F79EFBC}") = "Lab2", "Lab2.csproj", "{E44E41FD-0FA8-419A-911B-083826188698}"
EndProject
Global
	GlobalSection(SolutionConfigurationPlatforms) = preSolution
		Debug|Any CPU = Debug|Any CPU
		Release|Any CPU = Release|Any CPU
	EndGlobalSection
	GlobalSection(ProjectConfigurationPlatforms) = postSolution
		{E44E41FD-0FA8-419A-911B-083826188698}.Debug|Any CPU.ActiveCfg = Debug|Any CPU
		{E44E41FD-0FA8-419A-911B-083826188698}.Debug|Any CPU.Build.0 = Debug|Any CPU
		{E44E41FD-0FA8-419A-911B-083826188698}.Release|Any CPU.ActiveCfg = Release|Any CPU
		{E44E41FD-0FA8-419A-911B-083826188698}.Release|Any CPU.Build.0 = Release|Any CPU
	EndGlobalSection
	GlobalSection(SolutionProperties) = preSolution
		HideSolutionNode = FALSE
	EndGlobalSection
	GlobalSection(ExtensibilityGlobals) = postSolution
		SolutionGuid = {6154D1BD-5245-4D08-93DA-74F7EEE88E8D}
	EndGlobalSection
EndGlobal
